
Microsoft Visual Studio Solution File, Format Version 12.00
# Visual Studio Version 17
VisualStudioVersion = 17.7.34031.279
MinimumVisualStudioVersion = 10.0.40219.1
Project("{FAE04EC0-301F-11D3-BF4B-00C04F79EFBC}") = "Homework_II_plus", "Homework_II_plus\Homework_II_plus.csproj", "{FB9D83D3-2EE4-4DF5-B862-BE3EC610983F}"
EndProject
Global
	GlobalSection(SolutionConfigurationPlatforms) = preSolution
		Debug|Any CPU = Debug|Any CPU
		Release|Any CPU = Release|Any CPU
	EndGlobalSection
	GlobalSection(ProjectConfigurationPlatforms) = postSolution
		{FB9D83D3-2EE4-4DF5-B862-BE3EC610983F}.Debug|Any CPU.ActiveCfg = Debug|Any CPU
		{FB9D83D3-2EE4-4DF5-B862-BE3EC610983F}.Debug|Any CPU.Build.0 = Debug|Any CPU
		{FB9D83D3-2EE4-4DF5-B862-BE3EC610983F}.Release|Any CPU.ActiveCfg = Release|Any CPU
		{FB9D83D3-2EE4-4DF5-B862-BE3EC610983F}.Release|Any CPU.Build.0 = Release|Any CPU
	EndGlobalSection
	GlobalSection(SolutionProperties) = preSolution
		HideSolutionNode = FALSE
	EndGlobalSection
	GlobalSection(ExtensibilityGlobals) = postSolution
		SolutionGuid = {C13F9EA4-4AA6-4669-A2B1-52D3B2D6E839}
	EndGlobalSection
EndGlobal
