
Microsoft Visual Studio Solution File, Format Version 12.00
# Visual Studio Version 17
VisualStudioVersion = 17.7.34031.279
MinimumVisualStudioVersion = 10.0.40219.1
Project("{FAE04EC0-301F-11D3-BF4B-00C04F79EFBC}") = "SkandinavHasas", "SkandinavHasas\SkandinavHasas.csproj", "{C84BBCC0-8AD4-499C-9A96-463DEAC5FAE6}"
EndProject
Global
	GlobalSection(SolutionConfigurationPlatforms) = preSolution
		Debug|Any CPU = Debug|Any CPU
		Release|Any CPU = Release|Any CPU
	EndGlobalSection
	GlobalSection(ProjectConfigurationPlatforms) = postSolution
		{C84BBCC0-8AD4-499C-9A96-463DEAC5FAE6}.Debug|Any CPU.ActiveCfg = Debug|Any CPU
		{C84BBCC0-8AD4-499C-9A96-463DEAC5FAE6}.Debug|Any CPU.Build.0 = Debug|Any CPU
		{C84BBCC0-8AD4-499C-9A96-463DEAC5FAE6}.Release|Any CPU.ActiveCfg = Release|Any CPU
		{C84BBCC0-8AD4-499C-9A96-463DEAC5FAE6}.Release|Any CPU.Build.0 = Release|Any CPU
	EndGlobalSection
	GlobalSection(SolutionProperties) = preSolution
		HideSolutionNode = FALSE
	EndGlobalSection
	GlobalSection(ExtensibilityGlobals) = postSolution
		SolutionGuid = {259B9E34-5DD4-48B6-AC4F-E5D76B2C85B3}
	EndGlobalSection
EndGlobal
