
Microsoft Visual Studio Solution File, Format Version 12.00
# Visual Studio Version 17
VisualStudioVersion = 17.7.34031.279
MinimumVisualStudioVersion = 10.0.40219.1
Project("{FAE04EC0-301F-11D3-BF4B-00C04F79EFBC}") = "Homework_III", "Homework_III\Homework_III.csproj", "{3DD5DE79-7D51-4DAD-B340-C2A341F945FB}"
EndProject
Project("{FAE04EC0-301F-11D3-BF4B-00C04F79EFBC}") = "Homework_IIITests", "Homework_IIITests\Homework_IIITests.csproj", "{9679FEB3-0B6E-4A08-9795-9241EFB8F506}"
EndProject
Global
	GlobalSection(SolutionConfigurationPlatforms) = preSolution
		Debug|Any CPU = Debug|Any CPU
		Release|Any CPU = Release|Any CPU
	EndGlobalSection
	GlobalSection(ProjectConfigurationPlatforms) = postSolution
		{3DD5DE79-7D51-4DAD-B340-C2A341F945FB}.Debug|Any CPU.ActiveCfg = Debug|Any CPU
		{3DD5DE79-7D51-4DAD-B340-C2A341F945FB}.Debug|Any CPU.Build.0 = Debug|Any CPU
		{3DD5DE79-7D51-4DAD-B340-C2A341F945FB}.Release|Any CPU.ActiveCfg = Release|Any CPU
		{3DD5DE79-7D51-4DAD-B340-C2A341F945FB}.Release|Any CPU.Build.0 = Release|Any CPU
		{9679FEB3-0B6E-4A08-9795-9241EFB8F506}.Debug|Any CPU.ActiveCfg = Debug|Any CPU
		{9679FEB3-0B6E-4A08-9795-9241EFB8F506}.Debug|Any CPU.Build.0 = Debug|Any CPU
		{9679FEB3-0B6E-4A08-9795-9241EFB8F506}.Release|Any CPU.ActiveCfg = Release|Any CPU
		{9679FEB3-0B6E-4A08-9795-9241EFB8F506}.Release|Any CPU.Build.0 = Release|Any CPU
	EndGlobalSection
	GlobalSection(SolutionProperties) = preSolution
		HideSolutionNode = FALSE
	EndGlobalSection
	GlobalSection(ExtensibilityGlobals) = postSolution
		SolutionGuid = {816D9400-3AED-439E-B90C-6366A225EDE5}
	EndGlobalSection
EndGlobal
